// !$*UTF8*$!
{
	archiveVersion = 1;
	classes = {
	};
	objectVersion = 50;
	objects = {

/* Begin PBXBuildFile section */
		DA9C423D26DC23DC00F55AF4 /* UILabel+Customize.swift in Sources */ = {isa = PBXBuildFile; fileRef = DA9C423C26DC23DC00F55AF4 /* UILabel+Customize.swift */; };
		DAE5FBB826BF557C002FB964 /* AppDelegate.swift in Sources */ = {isa = PBXBuildFile; fileRef = DAE5FBB726BF557C002FB964 /* AppDelegate.swift */; };
		DAE5FBBA26BF557C002FB964 /* SceneDelegate.swift in Sources */ = {isa = PBXBuildFile; fileRef = DAE5FBB926BF557C002FB964 /* SceneDelegate.swift */; };
		DAE5FBBF26BF557C002FB964 /* Main.storyboard in Resources */ = {isa = PBXBuildFile; fileRef = DAE5FBBD26BF557C002FB964 /* Main.storyboard */; };
		DAE5FBC226BF557C002FB964 /* TriviaChallenge.xcdatamodeld in Sources */ = {isa = PBXBuildFile; fileRef = DAE5FBC026BF557C002FB964 /* TriviaChallenge.xcdatamodeld */; };
		DAE5FBC426BF5585002FB964 /* Assets.xcassets in Resources */ = {isa = PBXBuildFile; fileRef = DAE5FBC326BF5585002FB964 /* Assets.xcassets */; };
		DAE5FBC726BF5585002FB964 /* LaunchScreen.storyboard in Resources */ = {isa = PBXBuildFile; fileRef = DAE5FBC526BF5585002FB964 /* LaunchScreen.storyboard */; };
		DAE5FBD226C0C4F0002FB964 /* DataController.swift in Sources */ = {isa = PBXBuildFile; fileRef = DAE5FBD126C0C4F0002FB964 /* DataController.swift */; };
		DAE5FBD526C0C559002FB964 /* TCClient.swift in Sources */ = {isa = PBXBuildFile; fileRef = DAE5FBD426C0C559002FB964 /* TCClient.swift */; };
		DAE5FBD826C0C5A7002FB964 /* ErrorResponse.swift in Sources */ = {isa = PBXBuildFile; fileRef = DAE5FBD726C0C5A7002FB964 /* ErrorResponse.swift */; };
		DAE5FBDB26C0CCE1002FB964 /* TokenResponse.swift in Sources */ = {isa = PBXBuildFile; fileRef = DAE5FBDA26C0CCE1002FB964 /* TokenResponse.swift */; };
		DAE5FBDE26C0CDE5002FB964 /* ResetResponse.swift in Sources */ = {isa = PBXBuildFile; fileRef = DAE5FBDD26C0CDE5002FB964 /* ResetResponse.swift */; };
		DAE5FBE526C235CB002FB964 /* CategoryList.swift in Sources */ = {isa = PBXBuildFile; fileRef = DAE5FBE426C235CB002FB964 /* CategoryList.swift */; };
		DAE5FBE826C235E7002FB964 /* TriviaCategory.swift in Sources */ = {isa = PBXBuildFile; fileRef = DAE5FBE726C235E7002FB964 /* TriviaCategory.swift */; };
		DAE5FBEB26C23720002FB964 /* TCModel.swift in Sources */ = {isa = PBXBuildFile; fileRef = DAE5FBEA26C23720002FB964 /* TCModel.swift */; };
		DAE5FBF226C37310002FB964 /* TriviaQuestions.swift in Sources */ = {isa = PBXBuildFile; fileRef = DAE5FBF126C37310002FB964 /* TriviaQuestions.swift */; };
		DAE5FBF526C37341002FB964 /* TriviaQuestion.swift in Sources */ = {isa = PBXBuildFile; fileRef = DAE5FBF426C37341002FB964 /* TriviaQuestion.swift */; };
		DAE5FBF826C37E50002FB964 /* Difficulty.swift in Sources */ = {isa = PBXBuildFile; fileRef = DAE5FBF726C37E50002FB964 /* Difficulty.swift */; };
		DAE5FBFF26C75C44002FB964 /* QuestionViewController.swift in Sources */ = {isa = PBXBuildFile; fileRef = DAE5FBFE26C75C44002FB964 /* QuestionViewController.swift */; };
		DAE5FC0226C75C76002FB964 /* LeaderboardViewController.swift in Sources */ = {isa = PBXBuildFile; fileRef = DAE5FC0126C75C76002FB964 /* LeaderboardViewController.swift */; };
		DAE5FC0826C98A16002FB964 /* CategoryViewController.swift in Sources */ = {isa = PBXBuildFile; fileRef = DAE5FC0726C98A16002FB964 /* CategoryViewController.swift */; };
		DAE5FC0B26C98B92002FB964 /* ScoreView.swift in Sources */ = {isa = PBXBuildFile; fileRef = DAE5FC0A26C98B92002FB964 /* ScoreView.swift */; };
		DAE5FC1E26CCADA7002FB964 /* ScoreView.xib in Resources */ = {isa = PBXBuildFile; fileRef = DAE5FC1D26CCADA7002FB964 /* ScoreView.xib */; };
		DAFC9E5026CF533E0028D1D9 /* DefaultsKey.swift in Sources */ = {isa = PBXBuildFile; fileRef = DAFC9E4F26CF533E0028D1D9 /* DefaultsKey.swift */; };
		DAFC9E5326D208310028D1D9 /* UserDefaults+Codable.swift in Sources */ = {isa = PBXBuildFile; fileRef = DAFC9E5226D208310028D1D9 /* UserDefaults+Codable.swift */; };
		DAFC9E5F26D334640028D1D9 /* QuizViewController.swift in Sources */ = {isa = PBXBuildFile; fileRef = DAFC9E5E26D334640028D1D9 /* QuizViewController.swift */; };
		DAFC9E6226D4A4A90028D1D9 /* String+Base64Encoding.swift in Sources */ = {isa = PBXBuildFile; fileRef = DAFC9E6126D4A4A90028D1D9 /* String+Base64Encoding.swift */; };
/* End PBXBuildFile section */

/* Begin PBXFileReference section */
		DA9C423C26DC23DC00F55AF4 /* UILabel+Customize.swift */ = {isa = PBXFileReference; lastKnownFileType = sourcecode.swift; path = "UILabel+Customize.swift"; sourceTree = "<group>"; };
		DAE5FBB426BF557C002FB964 /* TriviaChallenge.app */ = {isa = PBXFileReference; explicitFileType = wrapper.application; includeInIndex = 0; path = TriviaChallenge.app; sourceTree = BUILT_PRODUCTS_DIR; };
		DAE5FBB726BF557C002FB964 /* AppDelegate.swift */ = {isa = PBXFileReference; lastKnownFileType = sourcecode.swift; path = AppDelegate.swift; sourceTree = "<group>"; };
		DAE5FBB926BF557C002FB964 /* SceneDelegate.swift */ = {isa = PBXFileReference; lastKnownFileType = sourcecode.swift; path = SceneDelegate.swift; sourceTree = "<group>"; };
		DAE5FBBE26BF557C002FB964 /* Base */ = {isa = PBXFileReference; lastKnownFileType = file.storyboard; name = Base; path = Base.lproj/Main.storyboard; sourceTree = "<group>"; };
		DAE5FBC126BF557C002FB964 /* TriviaChallenge.xcdatamodel */ = {isa = PBXFileReference; lastKnownFileType = wrapper.xcdatamodel; path = TriviaChallenge.xcdatamodel; sourceTree = "<group>"; };
		DAE5FBC326BF5585002FB964 /* Assets.xcassets */ = {isa = PBXFileReference; lastKnownFileType = folder.assetcatalog; path = Assets.xcassets; sourceTree = "<group>"; };
		DAE5FBC626BF5585002FB964 /* Base */ = {isa = PBXFileReference; lastKnownFileType = file.storyboard; name = Base; path = Base.lproj/LaunchScreen.storyboard; sourceTree = "<group>"; };
		DAE5FBC826BF5585002FB964 /* Info.plist */ = {isa = PBXFileReference; lastKnownFileType = text.plist.xml; path = Info.plist; sourceTree = "<group>"; };
		DAE5FBD126C0C4F0002FB964 /* DataController.swift */ = {isa = PBXFileReference; lastKnownFileType = sourcecode.swift; path = DataController.swift; sourceTree = "<group>"; };
		DAE5FBD426C0C559002FB964 /* TCClient.swift */ = {isa = PBXFileReference; lastKnownFileType = sourcecode.swift; path = TCClient.swift; sourceTree = "<group>"; };
		DAE5FBD726C0C5A7002FB964 /* ErrorResponse.swift */ = {isa = PBXFileReference; lastKnownFileType = sourcecode.swift; path = ErrorResponse.swift; sourceTree = "<group>"; };
		DAE5FBDA26C0CCE1002FB964 /* TokenResponse.swift */ = {isa = PBXFileReference; lastKnownFileType = sourcecode.swift; path = TokenResponse.swift; sourceTree = "<group>"; };
		DAE5FBDD26C0CDE5002FB964 /* ResetResponse.swift */ = {isa = PBXFileReference; lastKnownFileType = sourcecode.swift; path = ResetResponse.swift; sourceTree = "<group>"; };
		DAE5FBE426C235CB002FB964 /* CategoryList.swift */ = {isa = PBXFileReference; lastKnownFileType = sourcecode.swift; path = CategoryList.swift; sourceTree = "<group>"; };
		DAE5FBE726C235E7002FB964 /* TriviaCategory.swift */ = {isa = PBXFileReference; lastKnownFileType = sourcecode.swift; path = TriviaCategory.swift; sourceTree = "<group>"; };
		DAE5FBEA26C23720002FB964 /* TCModel.swift */ = {isa = PBXFileReference; lastKnownFileType = sourcecode.swift; path = TCModel.swift; sourceTree = "<group>"; };
		DAE5FBF126C37310002FB964 /* TriviaQuestions.swift */ = {isa = PBXFileReference; lastKnownFileType = sourcecode.swift; path = TriviaQuestions.swift; sourceTree = "<group>"; };
		DAE5FBF426C37341002FB964 /* TriviaQuestion.swift */ = {isa = PBXFileReference; lastKnownFileType = sourcecode.swift; path = TriviaQuestion.swift; sourceTree = "<group>"; };
		DAE5FBF726C37E50002FB964 /* Difficulty.swift */ = {isa = PBXFileReference; lastKnownFileType = sourcecode.swift; path = Difficulty.swift; sourceTree = "<group>"; };
		DAE5FBFE26C75C44002FB964 /* QuestionViewController.swift */ = {isa = PBXFileReference; lastKnownFileType = sourcecode.swift; path = QuestionViewController.swift; sourceTree = "<group>"; };
		DAE5FC0126C75C76002FB964 /* LeaderboardViewController.swift */ = {isa = PBXFileReference; lastKnownFileType = sourcecode.swift; path = LeaderboardViewController.swift; sourceTree = "<group>"; };
		DAE5FC0726C98A16002FB964 /* CategoryViewController.swift */ = {isa = PBXFileReference; lastKnownFileType = sourcecode.swift; path = CategoryViewController.swift; sourceTree = "<group>"; };
		DAE5FC0A26C98B92002FB964 /* ScoreView.swift */ = {isa = PBXFileReference; lastKnownFileType = sourcecode.swift; path = ScoreView.swift; sourceTree = "<group>"; };
		DAE5FC1D26CCADA7002FB964 /* ScoreView.xib */ = {isa = PBXFileReference; lastKnownFileType = file.xib; path = ScoreView.xib; sourceTree = "<group>"; };
		DAFC9E4F26CF533E0028D1D9 /* DefaultsKey.swift */ = {isa = PBXFileReference; lastKnownFileType = sourcecode.swift; path = DefaultsKey.swift; sourceTree = "<group>"; };
		DAFC9E5226D208310028D1D9 /* UserDefaults+Codable.swift */ = {isa = PBXFileReference; lastKnownFileType = sourcecode.swift; path = "UserDefaults+Codable.swift"; sourceTree = "<group>"; };
		DAFC9E5E26D334640028D1D9 /* QuizViewController.swift */ = {isa = PBXFileReference; lastKnownFileType = sourcecode.swift; path = QuizViewController.swift; sourceTree = "<group>"; };
		DAFC9E6126D4A4A90028D1D9 /* String+Base64Encoding.swift */ = {isa = PBXFileReference; lastKnownFileType = sourcecode.swift; path = "String+Base64Encoding.swift"; sourceTree = "<group>"; };
/* End PBXFileReference section */

/* Begin PBXFrameworksBuildPhase section */
		DAE5FBB126BF557C002FB964 /* Frameworks */ = {
			isa = PBXFrameworksBuildPhase;
			buildActionMask = 2147483647;
			files = (
			);
			runOnlyForDeploymentPostprocessing = 0;
		};
/* End PBXFrameworksBuildPhase section */

/* Begin PBXGroup section */
		DA9C424026DC36F000F55AF4 /* Extensions */ = {
			isa = PBXGroup;
			children = (
				DAFC9E6126D4A4A90028D1D9 /* String+Base64Encoding.swift */,
				DAFC9E5226D208310028D1D9 /* UserDefaults+Codable.swift */,
				DA9C423C26DC23DC00F55AF4 /* UILabel+Customize.swift */,
			);
			path = Extensions;
			sourceTree = "<group>";
		};
		DAE5FBAB26BF557C002FB964 = {
			isa = PBXGroup;
			children = (
				DAE5FBB626BF557C002FB964 /* TriviaChallenge */,
				DAE5FBB526BF557C002FB964 /* Products */,
			);
			sourceTree = "<group>";
		};
		DAE5FBB526BF557C002FB964 /* Products */ = {
			isa = PBXGroup;
			children = (
				DAE5FBB426BF557C002FB964 /* TriviaChallenge.app */,
			);
			name = Products;
			sourceTree = "<group>";
		};
		DAE5FBB626BF557C002FB964 /* TriviaChallenge */ = {
			isa = PBXGroup;
			children = (
				DA9C424026DC36F000F55AF4 /* Extensions */,
				DAE5FBFD26C73694002FB964 /* VC */,
				DAE5FBED26C238F3002FB964 /* Model */,
				DAE5FBB726BF557C002FB964 /* AppDelegate.swift */,
				DAE5FBB926BF557C002FB964 /* SceneDelegate.swift */,
				DAE5FBD126C0C4F0002FB964 /* DataController.swift */,
				DAE5FBBD26BF557C002FB964 /* Main.storyboard */,
				DAE5FBC326BF5585002FB964 /* Assets.xcassets */,
				DAE5FBC526BF5585002FB964 /* LaunchScreen.storyboard */,
				DAE5FC1D26CCADA7002FB964 /* ScoreView.xib */,
				DAE5FBC826BF5585002FB964 /* Info.plist */,
				DAE5FBC026BF557C002FB964 /* TriviaChallenge.xcdatamodeld */,
			);
			path = TriviaChallenge;
			sourceTree = "<group>";
		};
		DAE5FBED26C238F3002FB964 /* Model */ = {
			isa = PBXGroup;
			children = (
				DAE5FBEF26C23904002FB964 /* Response */,
				DAE5FBEE26C238FD002FB964 /* Main */,
			);
			path = Model;
			sourceTree = "<group>";
		};
		DAE5FBEE26C238FD002FB964 /* Main */ = {
			isa = PBXGroup;
			children = (
				DAE5FBD426C0C559002FB964 /* TCClient.swift */,
				DAE5FBEA26C23720002FB964 /* TCModel.swift */,
				DAFC9E4F26CF533E0028D1D9 /* DefaultsKey.swift */,
			);
			path = Main;
			sourceTree = "<group>";
		};
		DAE5FBEF26C23904002FB964 /* Response */ = {
			isa = PBXGroup;
			children = (
				DAE5FBE426C235CB002FB964 /* CategoryList.swift */,
				DAE5FBE726C235E7002FB964 /* TriviaCategory.swift */,
				DAE5FBDA26C0CCE1002FB964 /* TokenResponse.swift */,
				DAE5FBDD26C0CDE5002FB964 /* ResetResponse.swift */,
				DAE5FBD726C0C5A7002FB964 /* ErrorResponse.swift */,
				DAE5FBF126C37310002FB964 /* TriviaQuestions.swift */,
				DAE5FBF726C37E50002FB964 /* Difficulty.swift */,
				DAE5FBF426C37341002FB964 /* TriviaQuestion.swift */,
			);
			path = Response;
			sourceTree = "<group>";
		};
		DAE5FBFD26C73694002FB964 /* VC */ = {
			isa = PBXGroup;
			children = (
				DAE5FBFE26C75C44002FB964 /* QuestionViewController.swift */,
				DAE5FC0126C75C76002FB964 /* LeaderboardViewController.swift */,
				DAE5FC0726C98A16002FB964 /* CategoryViewController.swift */,
				DAE5FC0A26C98B92002FB964 /* ScoreView.swift */,
				DAFC9E5E26D334640028D1D9 /* QuizViewController.swift */,
			);
			path = VC;
			sourceTree = "<group>";
		};
/* End PBXGroup section */

/* Begin PBXNativeTarget section */
		DAE5FBB326BF557C002FB964 /* TriviaChallenge */ = {
			isa = PBXNativeTarget;
			buildConfigurationList = DAE5FBCB26BF5585002FB964 /* Build configuration list for PBXNativeTarget "TriviaChallenge" */;
			buildPhases = (
				DAE5FBB026BF557C002FB964 /* Sources */,
				DAE5FBB126BF557C002FB964 /* Frameworks */,
				DAE5FBB226BF557C002FB964 /* Resources */,
			);
			buildRules = (
			);
			dependencies = (
			);
			name = TriviaChallenge;
			productName = TriviaChallenge;
			productReference = DAE5FBB426BF557C002FB964 /* TriviaChallenge.app */;
			productType = "com.apple.product-type.application";
		};
/* End PBXNativeTarget section */

/* Begin PBXProject section */
		DAE5FBAC26BF557C002FB964 /* Project object */ = {
			isa = PBXProject;
			attributes = {
				LastSwiftUpdateCheck = 1240;
				LastUpgradeCheck = 1240;
				TargetAttributes = {
					DAE5FBB326BF557C002FB964 = {
						CreatedOnToolsVersion = 12.4;
					};
				};
			};
			buildConfigurationList = DAE5FBAF26BF557C002FB964 /* Build configuration list for PBXProject "TriviaChallenge" */;
			compatibilityVersion = "Xcode 9.3";
			developmentRegion = en;
			hasScannedForEncodings = 0;
			knownRegions = (
				en,
				Base,
			);
			mainGroup = DAE5FBAB26BF557C002FB964;
			productRefGroup = DAE5FBB526BF557C002FB964 /* Products */;
			projectDirPath = "";
			projectRoot = "";
			targets = (
				DAE5FBB326BF557C002FB964 /* TriviaChallenge */,
			);
		};
/* End PBXProject section */

/* Begin PBXResourcesBuildPhase section */
		DAE5FBB226BF557C002FB964 /* Resources */ = {
			isa = PBXResourcesBuildPhase;
			buildActionMask = 2147483647;
			files = (
				DAE5FBC726BF5585002FB964 /* LaunchScreen.storyboard in Resources */,
				DAE5FC1E26CCADA7002FB964 /* ScoreView.xib in Resources */,
				DAE5FBC426BF5585002FB964 /* Assets.xcassets in Resources */,
				DAE5FBBF26BF557C002FB964 /* Main.storyboard in Resources */,
			);
			runOnlyForDeploymentPostprocessing = 0;
		};
/* End PBXResourcesBuildPhase section */

/* Begin PBXSourcesBuildPhase section */
		DAE5FBB026BF557C002FB964 /* Sources */ = {
			isa = PBXSourcesBuildPhase;
			buildActionMask = 2147483647;
			files = (
				DAE5FC0826C98A16002FB964 /* CategoryViewController.swift in Sources */,
				DAE5FBEB26C23720002FB964 /* TCModel.swift in Sources */,
				DAFC9E5F26D334640028D1D9 /* QuizViewController.swift in Sources */,
				DAE5FBFF26C75C44002FB964 /* QuestionViewController.swift in Sources */,
				DAE5FBDE26C0CDE5002FB964 /* ResetResponse.swift in Sources */,
				DAE5FBF826C37E50002FB964 /* Difficulty.swift in Sources */,
				DAE5FC0226C75C76002FB964 /* LeaderboardViewController.swift in Sources */,
				DAE5FBF526C37341002FB964 /* TriviaQuestion.swift in Sources */,
				DAE5FBB826BF557C002FB964 /* AppDelegate.swift in Sources */,
				DAE5FBD526C0C559002FB964 /* TCClient.swift in Sources */,
				DAFC9E5026CF533E0028D1D9 /* DefaultsKey.swift in Sources */,
				DAFC9E6226D4A4A90028D1D9 /* String+Base64Encoding.swift in Sources */,
				DAE5FC0B26C98B92002FB964 /* ScoreView.swift in Sources */,
				DAFC9E5326D208310028D1D9 /* UserDefaults+Codable.swift in Sources */,
				DAE5FBE826C235E7002FB964 /* TriviaCategory.swift in Sources */,
				DAE5FBDB26C0CCE1002FB964 /* TokenResponse.swift in Sources */,
				DAE5FBD226C0C4F0002FB964 /* DataController.swift in Sources */,
				DAE5FBD826C0C5A7002FB964 /* ErrorResponse.swift in Sources */,
				DAE5FBF226C37310002FB964 /* TriviaQuestions.swift in Sources */,
				DAE5FBE526C235CB002FB964 /* CategoryList.swift in Sources */,
				DAE5FBC226BF557C002FB964 /* TriviaChallenge.xcdatamodeld in Sources */,
				DA9C423D26DC23DC00F55AF4 /* UILabel+Customize.swift in Sources */,
				DAE5FBBA26BF557C002FB964 /* SceneDelegate.swift in Sources */,
			);
			runOnlyForDeploymentPostprocessing = 0;
		};
/* End PBXSourcesBuildPhase section */

/* Begin PBXVariantGroup section */
		DAE5FBBD26BF557C002FB964 /* Main.storyboard */ = {
			isa = PBXVariantGroup;
			children = (
				DAE5FBBE26BF557C002FB964 /* Base */,
			);
			name = Main.storyboard;
			sourceTree = "<group>";
		};
		DAE5FBC526BF5585002FB964 /* LaunchScreen.storyboard */ = {
			isa = PBXVariantGroup;
			children = (
				DAE5FBC626BF5585002FB964 /* Base */,
			);
			name = LaunchScreen.storyboard;
			sourceTree = "<group>";
		};
/* End PBXVariantGroup section */

/* Begin XCBuildConfiguration section */
		DAE5FBC926BF5585002FB964 /* Debug */ = {
			isa = XCBuildConfiguration;
			buildSettings = {
				ALWAYS_SEARCH_USER_PATHS = NO;
				CLANG_ANALYZER_NONNULL = YES;
				CLANG_ANALYZER_NUMBER_OBJECT_CONVERSION = YES_AGGRESSIVE;
				CLANG_CXX_LANGUAGE_STANDARD = "gnu++14";
				CLANG_CXX_LIBRARY = "libc++";
				CLANG_ENABLE_MODULES = YES;
				CLANG_ENABLE_OBJC_ARC = YES;
				CLANG_ENABLE_OBJC_WEAK = YES;
				CLANG_WARN_BLOCK_CAPTURE_AUTORELEASING = YES;
				CLANG_WARN_BOOL_CONVERSION = YES;
				CLANG_WARN_COMMA = YES;
				CLANG_WARN_CONSTANT_CONVERSION = YES;
				CLANG_WARN_DEPRECATED_OBJC_IMPLEMENTATIONS = YES;
				CLANG_WARN_DIRECT_OBJC_ISA_USAGE = YES_ERROR;
				CLANG_WARN_DOCUMENTATION_COMMENTS = YES;
				CLANG_WARN_EMPTY_BODY = YES;
				CLANG_WARN_ENUM_CONVERSION = YES;
				CLANG_WARN_INFINITE_RECURSION = YES;
				CLANG_WARN_INT_CONVERSION = YES;
				CLANG_WARN_NON_LITERAL_NULL_CONVERSION = YES;
				CLANG_WARN_OBJC_IMPLICIT_RETAIN_SELF = YES;
				CLANG_WARN_OBJC_LITERAL_CONVERSION = YES;
				CLANG_WARN_OBJC_ROOT_CLASS = YES_ERROR;
				CLANG_WARN_QUOTED_INCLUDE_IN_FRAMEWORK_HEADER = YES;
				CLANG_WARN_RANGE_LOOP_ANALYSIS = YES;
				CLANG_WARN_STRICT_PROTOTYPES = YES;
				CLANG_WARN_SUSPICIOUS_MOVE = YES;
				CLANG_WARN_UNGUARDED_AVAILABILITY = YES_AGGRESSIVE;
				CLANG_WARN_UNREACHABLE_CODE = YES;
				CLANG_WARN__DUPLICATE_METHOD_MATCH = YES;
				COPY_PHASE_STRIP = NO;
				DEBUG_INFORMATION_FORMAT = dwarf;
				ENABLE_STRICT_OBJC_MSGSEND = YES;
				ENABLE_TESTABILITY = YES;
				GCC_C_LANGUAGE_STANDARD = gnu11;
				GCC_DYNAMIC_NO_PIC = NO;
				GCC_NO_COMMON_BLOCKS = YES;
				GCC_OPTIMIZATION_LEVEL = 0;
				GCC_PREPROCESSOR_DEFINITIONS = (
					"DEBUG=1",
					"$(inherited)",
				);
				GCC_WARN_64_TO_32_BIT_CONVERSION = YES;
				GCC_WARN_ABOUT_RETURN_TYPE = YES_ERROR;
				GCC_WARN_UNDECLARED_SELECTOR = YES;
				GCC_WARN_UNINITIALIZED_AUTOS = YES_AGGRESSIVE;
				GCC_WARN_UNUSED_FUNCTION = YES;
				GCC_WARN_UNUSED_VARIABLE = YES;
				IPHONEOS_DEPLOYMENT_TARGET = 14.4;
				MTL_ENABLE_DEBUG_INFO = INCLUDE_SOURCE;
				MTL_FAST_MATH = YES;
				ONLY_ACTIVE_ARCH = YES;
				SDKROOT = iphoneos;
				SWIFT_ACTIVE_COMPILATION_CONDITIONS = DEBUG;
				SWIFT_OPTIMIZATION_LEVEL = "-Onone";
			};
			name = Debug;
		};
		DAE5FBCA26BF5585002FB964 /* Release */ = {
			isa = XCBuildConfiguration;
			buildSettings = {
				ALWAYS_SEARCH_USER_PATHS = NO;
				CLANG_ANALYZER_NONNULL = YES;
				CLANG_ANALYZER_NUMBER_OBJECT_CONVERSION = YES_AGGRESSIVE;
				CLANG_CXX_LANGUAGE_STANDARD = "gnu++14";
				CLANG_CXX_LIBRARY = "libc++";
				CLANG_ENABLE_MODULES = YES;
				CLANG_ENABLE_OBJC_ARC = YES;
				CLANG_ENABLE_OBJC_WEAK = YES;
				CLANG_WARN_BLOCK_CAPTURE_AUTORELEASING = YES;
				CLANG_WARN_BOOL_CONVERSION = YES;
				CLANG_WARN_COMMA = YES;
				CLANG_WARN_CONSTANT_CONVERSION = YES;
				CLANG_WARN_DEPRECATED_OBJC_IMPLEMENTATIONS = YES;
				CLANG_WARN_DIRECT_OBJC_ISA_USAGE = YES_ERROR;
				CLANG_WARN_DOCUMENTATION_COMMENTS = YES;
				CLANG_WARN_EMPTY_BODY = YES;
				CLANG_WARN_ENUM_CONVERSION = YES;
				CLANG_WARN_INFINITE_RECURSION = YES;
				CLANG_WARN_INT_CONVERSION = YES;
				CLANG_WARN_NON_LITERAL_NULL_CONVERSION = YES;
				CLANG_WARN_OBJC_IMPLICIT_RETAIN_SELF = YES;
				CLANG_WARN_OBJC_LITERAL_CONVERSION = YES;
				CLANG_WARN_OBJC_ROOT_CLASS = YES_ERROR;
				CLANG_WARN_QUOTED_INCLUDE_IN_FRAMEWORK_HEADER = YES;
				CLANG_WARN_RANGE_LOOP_ANALYSIS = YES;
				CLANG_WARN_STRICT_PROTOTYPES = YES;
				CLANG_WARN_SUSPICIOUS_MOVE = YES;
				CLANG_WARN_UNGUARDED_AVAILABILITY = YES_AGGRESSIVE;
				CLANG_WARN_UNREACHABLE_CODE = YES;
				CLANG_WARN__DUPLICATE_METHOD_MATCH = YES;
				COPY_PHASE_STRIP = NO;
				DEBUG_INFORMATION_FORMAT = "dwarf-with-dsym";
				ENABLE_NS_ASSERTIONS = NO;
				ENABLE_STRICT_OBJC_MSGSEND = YES;
				GCC_C_LANGUAGE_STANDARD = gnu11;
				GCC_NO_COMMON_BLOCKS = YES;
				GCC_WARN_64_TO_32_BIT_CONVERSION = YES;
				GCC_WARN_ABOUT_RETURN_TYPE = YES_ERROR;
				GCC_WARN_UNDECLARED_SELECTOR = YES;
				GCC_WARN_UNINITIALIZED_AUTOS = YES_AGGRESSIVE;
				GCC_WARN_UNUSED_FUNCTION = YES;
				GCC_WARN_UNUSED_VARIABLE = YES;
				IPHONEOS_DEPLOYMENT_TARGET = 14.4;
				MTL_ENABLE_DEBUG_INFO = NO;
				MTL_FAST_MATH = YES;
				SDKROOT = iphoneos;
				SWIFT_COMPILATION_MODE = wholemodule;
				SWIFT_OPTIMIZATION_LEVEL = "-O";
				VALIDATE_PRODUCT = YES;
			};
			name = Release;
		};
		DAE5FBCC26BF5585002FB964 /* Debug */ = {
			isa = XCBuildConfiguration;
			buildSettings = {
				ASSETCATALOG_COMPILER_APPICON_NAME = AppIcon;
				ASSETCATALOG_COMPILER_GLOBAL_ACCENT_COLOR_NAME = AccentColor;
				CODE_SIGN_STYLE = Automatic;
				DEVELOPMENT_TEAM = BG8AYQG736;
				INFOPLIST_FILE = TriviaChallenge/Info.plist;
				LD_RUNPATH_SEARCH_PATHS = (
					"$(inherited)",
					"@executable_path/Frameworks",
				);
				PRODUCT_BUNDLE_IDENTIFIER = com.example.TriviaChallenge;
				PRODUCT_NAME = "$(TARGET_NAME)";
				SWIFT_VERSION = 5.0;
				TARGETED_DEVICE_FAMILY = "1,2";
			};
			name = Debug;
		};
		DAE5FBCD26BF5585002FB964 /* Release */ = {
			isa = XCBuildConfiguration;
			buildSettings = {
				ASSETCATALOG_COMPILER_APPICON_NAME = AppIcon;
				ASSETCATALOG_COMPILER_GLOBAL_ACCENT_COLOR_NAME = AccentColor;
				CODE_SIGN_STYLE = Automatic;
				DEVELOPMENT_TEAM = BG8AYQG736;
				INFOPLIST_FILE = TriviaChallenge/Info.plist;
				LD_RUNPATH_SEARCH_PATHS = (
					"$(inherited)",
					"@executable_path/Frameworks",
				);
				PRODUCT_BUNDLE_IDENTIFIER = com.example.TriviaChallenge;
				PRODUCT_NAME = "$(TARGET_NAME)";
				SWIFT_VERSION = 5.0;
				TARGETED_DEVICE_FAMILY = "1,2";
			};
			name = Release;
		};
/* End XCBuildConfiguration section */

/* Begin XCConfigurationList section */
		DAE5FBAF26BF557C002FB964 /* Build configuration list for PBXProject "TriviaChallenge" */ = {
			isa = XCConfigurationList;
			buildConfigurations = (
				DAE5FBC926BF5585002FB964 /* Debug */,
				DAE5FBCA26BF5585002FB964 /* Release */,
			);
			defaultConfigurationIsVisible = 0;
			defaultConfigurationName = Release;
		};
		DAE5FBCB26BF5585002FB964 /* Build configuration list for PBXNativeTarget "TriviaChallenge" */ = {
			isa = XCConfigurationList;
			buildConfigurations = (
				DAE5FBCC26BF5585002FB964 /* Debug */,
				DAE5FBCD26BF5585002FB964 /* Release */,
			);
			defaultConfigurationIsVisible = 0;
			defaultConfigurationName = Release;
		};
/* End XCConfigurationList section */

/* Begin XCVersionGroup section */
		DAE5FBC026BF557C002FB964 /* TriviaChallenge.xcdatamodeld */ = {
			isa = XCVersionGroup;
			children = (
				DAE5FBC126BF557C002FB964 /* TriviaChallenge.xcdatamodel */,
			);
			currentVersion = DAE5FBC126BF557C002FB964 /* TriviaChallenge.xcdatamodel */;
			path = TriviaChallenge.xcdatamodeld;
			sourceTree = "<group>";
			versionGroupType = wrapper.xcdatamodel;
		};
/* End XCVersionGroup section */
	};
	rootObject = DAE5FBAC26BF557C002FB964 /* Project object */;
}
